
Microsoft Visual Studio Solution File, Format Version 12.00
# Visual Studio Version 16
VisualStudioVersion = 16.0.31624.102
MinimumVisualStudioVersion = 10.0.40219.1
Project("{FAE04EC0-301F-11D3-BF4B-00C04F79EFBC}") = "TJACleaner", "TJACleaner\TJACleaner.csproj", "{0E6A9D6D-ADDD-4522-9868-25D0357404EE}"
EndProject
Global
	GlobalSection(SolutionConfigurationPlatforms) = preSolution
		Debug|Any CPU = Debug|Any CPU
		Release|Any CPU = Release|Any CPU
	EndGlobalSection
	GlobalSection(ProjectConfigurationPlatforms) = postSolution
		{0E6A9D6D-ADDD-4522-9868-25D0357404EE}.Debug|Any CPU.ActiveCfg = Debug|Any CPU
		{0E6A9D6D-ADDD-4522-9868-25D0357404EE}.Debug|Any CPU.Build.0 = Debug|Any CPU
		{0E6A9D6D-ADDD-4522-9868-25D0357404EE}.Release|Any CPU.ActiveCfg = Release|Any CPU
		{0E6A9D6D-ADDD-4522-9868-25D0357404EE}.Release|Any CPU.Build.0 = Release|Any CPU
	EndGlobalSection
	GlobalSection(SolutionProperties) = preSolution
		HideSolutionNode = FALSE
	EndGlobalSection
	GlobalSection(ExtensibilityGlobals) = postSolution
		SolutionGuid = {2227BA0A-FEAE-4F80-B89A-CDDFB861BDD5}
	EndGlobalSection
EndGlobal
